
Microsoft Visual Studio Solution File, Format Version 12.00
# Visual Studio Version 16
VisualStudioVersion = 16.0.31229.75
MinimumVisualStudioVersion = 10.0.40219.1
Project("{2150E333-8FDC-42A3-9474-1A3956D46DE8}") = "Creational", "Creational", "{CB9C7079-1EEF-4D4F-BAF7-1AFE92A42FFD}"
EndProject
Project("{9A19103F-16F7-4668-BE54-9A1E7A4F7556}") = "Builder_Example", "Creational\Builder_Example\Builder_Example.csproj", "{2709B332-A41D-468F-9F7E-245F3991557F}"
EndProject
Project("{9A19103F-16F7-4668-BE54-9A1E7A4F7556}") = "FactoryMethod_Example", "Creational\FactoryMethod_Example\FactoryMethod_Example.csproj", "{40D3D90D-337D-4615-B192-FF899D81F747}"
EndProject
Project("{9A19103F-16F7-4668-BE54-9A1E7A4F7556}") = "Prototype_Example", "Creational\Prototype_Example\Prototype_Example.csproj", "{F10EDB78-44DA-4C59-9D68-281A4B07B974}"
EndProject
Project("{9A19103F-16F7-4668-BE54-9A1E7A4F7556}") = "AbstractFactory_Example", "Creational\AbstractFactory_Example\AbstractFactory_Example.csproj", "{95F49464-B6F0-4421-B54B-3FEB29707ACA}"
EndProject
Project("{9A19103F-16F7-4668-BE54-9A1E7A4F7556}") = "Singleton_Example", "Creational\Singleton_Example\Singleton_Example.csproj", "{B4E2CAC6-3FBD-4914-BD6D-32640CCB9EAA}"
EndProject
Project("{FAE04EC0-301F-11D3-BF4B-00C04F79EFBC}") = "Adapter_Example", "Structural\Adapter\Adapter_Example.csproj", "{22E7207C-6BFC-4EA7-9426-01D49C9C8939}"
EndProject
Project("{2150E333-8FDC-42A3-9474-1A3956D46DE8}") = "Structural", "Structural", "{7AA632E2-DE6A-4B12-91CC-C1A8B8987729}"
EndProject
Project("{FAE04EC0-301F-11D3-BF4B-00C04F79EFBC}") = "Bridge_Example", "Structural\Bridge_Example\Bridge_Example.csproj", "{9B8A7CD3-847A-411C-8092-9676FEA0BC70}"
EndProject
Global
	GlobalSection(SolutionConfigurationPlatforms) = preSolution
		Debug|Any CPU = Debug|Any CPU
		Release|Any CPU = Release|Any CPU
	EndGlobalSection
	GlobalSection(ProjectConfigurationPlatforms) = postSolution
		{2709B332-A41D-468F-9F7E-245F3991557F}.Debug|Any CPU.ActiveCfg = Debug|Any CPU
		{2709B332-A41D-468F-9F7E-245F3991557F}.Debug|Any CPU.Build.0 = Debug|Any CPU
		{2709B332-A41D-468F-9F7E-245F3991557F}.Release|Any CPU.ActiveCfg = Release|Any CPU
		{2709B332-A41D-468F-9F7E-245F3991557F}.Release|Any CPU.Build.0 = Release|Any CPU
		{40D3D90D-337D-4615-B192-FF899D81F747}.Debug|Any CPU.ActiveCfg = Debug|Any CPU
		{40D3D90D-337D-4615-B192-FF899D81F747}.Debug|Any CPU.Build.0 = Debug|Any CPU
		{40D3D90D-337D-4615-B192-FF899D81F747}.Release|Any CPU.ActiveCfg = Release|Any CPU
		{40D3D90D-337D-4615-B192-FF899D81F747}.Release|Any CPU.Build.0 = Release|Any CPU
		{F10EDB78-44DA-4C59-9D68-281A4B07B974}.Debug|Any CPU.ActiveCfg = Debug|Any CPU
		{F10EDB78-44DA-4C59-9D68-281A4B07B974}.Debug|Any CPU.Build.0 = Debug|Any CPU
		{F10EDB78-44DA-4C59-9D68-281A4B07B974}.Release|Any CPU.ActiveCfg = Release|Any CPU
		{F10EDB78-44DA-4C59-9D68-281A4B07B974}.Release|Any CPU.Build.0 = Release|Any CPU
		{95F49464-B6F0-4421-B54B-3FEB29707ACA}.Debug|Any CPU.ActiveCfg = Debug|Any CPU
		{95F49464-B6F0-4421-B54B-3FEB29707ACA}.Debug|Any CPU.Build.0 = Debug|Any CPU
		{95F49464-B6F0-4421-B54B-3FEB29707ACA}.Release|Any CPU.ActiveCfg = Release|Any CPU
		{95F49464-B6F0-4421-B54B-3FEB29707ACA}.Release|Any CPU.Build.0 = Release|Any CPU
		{B4E2CAC6-3FBD-4914-BD6D-32640CCB9EAA}.Debug|Any CPU.ActiveCfg = Debug|Any CPU
		{B4E2CAC6-3FBD-4914-BD6D-32640CCB9EAA}.Debug|Any CPU.Build.0 = Debug|Any CPU
		{B4E2CAC6-3FBD-4914-BD6D-32640CCB9EAA}.Release|Any CPU.ActiveCfg = Release|Any CPU
		{B4E2CAC6-3FBD-4914-BD6D-32640CCB9EAA}.Release|Any CPU.Build.0 = Release|Any CPU
		{22E7207C-6BFC-4EA7-9426-01D49C9C8939}.Debug|Any CPU.ActiveCfg = Debug|Any CPU
		{22E7207C-6BFC-4EA7-9426-01D49C9C8939}.Debug|Any CPU.Build.0 = Debug|Any CPU
		{22E7207C-6BFC-4EA7-9426-01D49C9C8939}.Release|Any CPU.ActiveCfg = Release|Any CPU
		{22E7207C-6BFC-4EA7-9426-01D49C9C8939}.Release|Any CPU.Build.0 = Release|Any CPU
		{9B8A7CD3-847A-411C-8092-9676FEA0BC70}.Debug|Any CPU.ActiveCfg = Debug|Any CPU
		{9B8A7CD3-847A-411C-8092-9676FEA0BC70}.Debug|Any CPU.Build.0 = Debug|Any CPU
		{9B8A7CD3-847A-411C-8092-9676FEA0BC70}.Release|Any CPU.ActiveCfg = Release|Any CPU
		{9B8A7CD3-847A-411C-8092-9676FEA0BC70}.Release|Any CPU.Build.0 = Release|Any CPU
	EndGlobalSection
	GlobalSection(SolutionProperties) = preSolution
		HideSolutionNode = FALSE
	EndGlobalSection
	GlobalSection(NestedProjects) = preSolution
		{2709B332-A41D-468F-9F7E-245F3991557F} = {CB9C7079-1EEF-4D4F-BAF7-1AFE92A42FFD}
		{40D3D90D-337D-4615-B192-FF899D81F747} = {CB9C7079-1EEF-4D4F-BAF7-1AFE92A42FFD}
		{F10EDB78-44DA-4C59-9D68-281A4B07B974} = {CB9C7079-1EEF-4D4F-BAF7-1AFE92A42FFD}
		{95F49464-B6F0-4421-B54B-3FEB29707ACA} = {CB9C7079-1EEF-4D4F-BAF7-1AFE92A42FFD}
		{B4E2CAC6-3FBD-4914-BD6D-32640CCB9EAA} = {CB9C7079-1EEF-4D4F-BAF7-1AFE92A42FFD}
		{22E7207C-6BFC-4EA7-9426-01D49C9C8939} = {7AA632E2-DE6A-4B12-91CC-C1A8B8987729}
		{9B8A7CD3-847A-411C-8092-9676FEA0BC70} = {7AA632E2-DE6A-4B12-91CC-C1A8B8987729}
	EndGlobalSection
	GlobalSection(ExtensibilityGlobals) = postSolution
		SolutionGuid = {A326C123-FE7D-4212-953B-21CEF73793E1}
	EndGlobalSection
EndGlobal
